// !$*UTF8*$!
{
	archiveVersion = 1;
	classes = {
	};
	objectVersion = 51;
	objects = {

/* Begin PBXBuildFile section */
		2B3375A123F0AA9200DDBA8E /* SavingsViewController.swift in Sources */ = {isa = PBXBuildFile; fileRef = 2B3375A023F0AA9200DDBA8E /* SavingsViewController.swift */; };
		2B3375A323F1BC5500DDBA8E /* APIParameters.swift in Sources */ = {isa = PBXBuildFile; fileRef = 2B3375A223F1BC5500DDBA8E /* APIParameters.swift */; };
		2B3375A523F1CB1200DDBA8E /* Alert.swift in Sources */ = {isa = PBXBuildFile; fileRef = 2B3375A423F1CB1200DDBA8E /* Alert.swift */; };
		2B3375A723F2B93600DDBA8E /* Transaction.swift in Sources */ = {isa = PBXBuildFile; fileRef = 2B3375A623F2B93600DDBA8E /* Transaction.swift */; };
		2B3375A923F2D02500DDBA8E /* Defaults.swift in Sources */ = {isa = PBXBuildFile; fileRef = 2B3375A823F2D02500DDBA8E /* Defaults.swift */; };
		2B92307123EC7329004129F6 /* AppDelegate.swift in Sources */ = {isa = PBXBuildFile; fileRef = 2B92307023EC7329004129F6 /* AppDelegate.swift */; };
		2B92307323EC7329004129F6 /* SceneDelegate.swift in Sources */ = {isa = PBXBuildFile; fileRef = 2B92307223EC7329004129F6 /* SceneDelegate.swift */; };
		2B92307523EC7329004129F6 /* HomeViewController.swift in Sources */ = {isa = PBXBuildFile; fileRef = 2B92307423EC7329004129F6 /* HomeViewController.swift */; };
		2B92307823EC7329004129F6 /* Main.storyboard in Resources */ = {isa = PBXBuildFile; fileRef = 2B92307623EC7329004129F6 /* Main.storyboard */; };
		2B92307A23EC7329004129F6 /* Assets.xcassets in Resources */ = {isa = PBXBuildFile; fileRef = 2B92307923EC7329004129F6 /* Assets.xcassets */; };
		2B92307D23EC7329004129F6 /* LaunchScreen.storyboard in Resources */ = {isa = PBXBuildFile; fileRef = 2B92307B23EC7329004129F6 /* LaunchScreen.storyboard */; };
		2BFDF88B23EC8A5700102CD2 /* APIManager.swift in Sources */ = {isa = PBXBuildFile; fileRef = 2BFDF88A23EC8A5700102CD2 /* APIManager.swift */; };
		2BFDF88F23ECC55400102CD2 /* Extensions.swift in Sources */ = {isa = PBXBuildFile; fileRef = 2BFDF88E23ECC55400102CD2 /* Extensions.swift */; };
		2BFDF8B123EF524E00102CD2 /* DataManager.swift in Sources */ = {isa = PBXBuildFile; fileRef = 2BFDF8B023EF524E00102CD2 /* DataManager.swift */; };
		8BABCBE348C28ACB18269BF6 /* Pods_Starling_Savings.framework in Frameworks */ = {isa = PBXBuildFile; fileRef = 42B42D8DF19622AE99F873BE /* Pods_Starling_Savings.framework */; };
/* End PBXBuildFile section */

/* Begin PBXFileReference section */
		21BE5EC621423D79ED9ED6E4 /* Pods-Starling Savings.release.xcconfig */ = {isa = PBXFileReference; includeInIndex = 1; lastKnownFileType = text.xcconfig; name = "Pods-Starling Savings.release.xcconfig"; path = "Target Support Files/Pods-Starling Savings/Pods-Starling Savings.release.xcconfig"; sourceTree = "<group>"; };
		2B3375A023F0AA9200DDBA8E /* SavingsViewController.swift */ = {isa = PBXFileReference; lastKnownFileType = sourcecode.swift; path = SavingsViewController.swift; sourceTree = "<group>"; };
		2B3375A223F1BC5500DDBA8E /* APIParameters.swift */ = {isa = PBXFileReference; lastKnownFileType = sourcecode.swift; path = APIParameters.swift; sourceTree = "<group>"; };
		2B3375A423F1CB1200DDBA8E /* Alert.swift */ = {isa = PBXFileReference; lastKnownFileType = sourcecode.swift; path = Alert.swift; sourceTree = "<group>"; };
		2B3375A623F2B93600DDBA8E /* Transaction.swift */ = {isa = PBXFileReference; lastKnownFileType = sourcecode.swift; path = Transaction.swift; sourceTree = "<group>"; };
		2B3375A823F2D02500DDBA8E /* Defaults.swift */ = {isa = PBXFileReference; lastKnownFileType = sourcecode.swift; path = Defaults.swift; sourceTree = "<group>"; };
		2B92306D23EC7329004129F6 /* Starling Savings.app */ = {isa = PBXFileReference; explicitFileType = wrapper.application; includeInIndex = 0; path = "Starling Savings.app"; sourceTree = BUILT_PRODUCTS_DIR; };
		2B92307023EC7329004129F6 /* AppDelegate.swift */ = {isa = PBXFileReference; lastKnownFileType = sourcecode.swift; path = AppDelegate.swift; sourceTree = "<group>"; };
		2B92307223EC7329004129F6 /* SceneDelegate.swift */ = {isa = PBXFileReference; lastKnownFileType = sourcecode.swift; path = SceneDelegate.swift; sourceTree = "<group>"; };
		2B92307423EC7329004129F6 /* HomeViewController.swift */ = {isa = PBXFileReference; lastKnownFileType = sourcecode.swift; path = HomeViewController.swift; sourceTree = "<group>"; };
		2B92307723EC7329004129F6 /* Base */ = {isa = PBXFileReference; lastKnownFileType = file.storyboard; name = Base; path = Base.lproj/Main.storyboard; sourceTree = "<group>"; };
		2B92307923EC7329004129F6 /* Assets.xcassets */ = {isa = PBXFileReference; lastKnownFileType = folder.assetcatalog; path = Assets.xcassets; sourceTree = "<group>"; };
		2B92307C23EC7329004129F6 /* Base */ = {isa = PBXFileReference; lastKnownFileType = file.storyboard; name = Base; path = Base.lproj/LaunchScreen.storyboard; sourceTree = "<group>"; };
		2B92307E23EC7329004129F6 /* Info.plist */ = {isa = PBXFileReference; lastKnownFileType = text.plist.xml; path = Info.plist; sourceTree = "<group>"; };
		2BFDF88A23EC8A5700102CD2 /* APIManager.swift */ = {isa = PBXFileReference; lastKnownFileType = sourcecode.swift; path = APIManager.swift; sourceTree = "<group>"; };
		2BFDF88E23ECC55400102CD2 /* Extensions.swift */ = {isa = PBXFileReference; lastKnownFileType = sourcecode.swift; path = Extensions.swift; sourceTree = "<group>"; };
		2BFDF8B023EF524E00102CD2 /* DataManager.swift */ = {isa = PBXFileReference; lastKnownFileType = sourcecode.swift; path = DataManager.swift; sourceTree = "<group>"; };
		42B42D8DF19622AE99F873BE /* Pods_Starling_Savings.framework */ = {isa = PBXFileReference; explicitFileType = wrapper.framework; includeInIndex = 0; path = Pods_Starling_Savings.framework; sourceTree = BUILT_PRODUCTS_DIR; };
		B0E9E244416E3D38B3CB7157 /* Pods-Starling Savings.debug.xcconfig */ = {isa = PBXFileReference; includeInIndex = 1; lastKnownFileType = text.xcconfig; name = "Pods-Starling Savings.debug.xcconfig"; path = "Target Support Files/Pods-Starling Savings/Pods-Starling Savings.debug.xcconfig"; sourceTree = "<group>"; };
/* End PBXFileReference section */

/* Begin PBXFrameworksBuildPhase section */
		2B92306A23EC7329004129F6 /* Frameworks */ = {
			isa = PBXFrameworksBuildPhase;
			buildActionMask = 2147483647;
			files = (
				8BABCBE348C28ACB18269BF6 /* Pods_Starling_Savings.framework in Frameworks */,
			);
			runOnlyForDeploymentPostprocessing = 0;
		};
/* End PBXFrameworksBuildPhase section */

/* Begin PBXGroup section */
		2B92306423EC7329004129F6 = {
			isa = PBXGroup;
			children = (
				2B92306F23EC7329004129F6 /* Starling Savings */,
				2B92306E23EC7329004129F6 /* Products */,
				8D45A9C0DA24A63DF5DBE407 /* Pods */,
				32844DD725CA494EC24ABB00 /* Frameworks */,
			);
			sourceTree = "<group>";
		};
		2B92306E23EC7329004129F6 /* Products */ = {
			isa = PBXGroup;
			children = (
				2B92306D23EC7329004129F6 /* Starling Savings.app */,
			);
			name = Products;
			sourceTree = "<group>";
		};
		2B92306F23EC7329004129F6 /* Starling Savings */ = {
			isa = PBXGroup;
			children = (
				2B92307023EC7329004129F6 /* AppDelegate.swift */,
				2B92307223EC7329004129F6 /* SceneDelegate.swift */,
				2B3375A823F2D02500DDBA8E /* Defaults.swift */,
				2B92307423EC7329004129F6 /* HomeViewController.swift */,
				2B3375A023F0AA9200DDBA8E /* SavingsViewController.swift */,
				2B92307623EC7329004129F6 /* Main.storyboard */,
				2B92307923EC7329004129F6 /* Assets.xcassets */,
				2B92307B23EC7329004129F6 /* LaunchScreen.storyboard */,
				2B92307E23EC7329004129F6 /* Info.plist */,
				2BFDF88E23ECC55400102CD2 /* Extensions.swift */,
				2BFDF88A23EC8A5700102CD2 /* APIManager.swift */,
				2B3375A423F1CB1200DDBA8E /* Alert.swift */,
				2B3375A223F1BC5500DDBA8E /* APIParameters.swift */,
				2BFDF8B023EF524E00102CD2 /* DataManager.swift */,
				2B3375A623F2B93600DDBA8E /* Transaction.swift */,
			);
			path = "Starling Savings";
			sourceTree = "<group>";
		};
		32844DD725CA494EC24ABB00 /* Frameworks */ = {
			isa = PBXGroup;
			children = (
				42B42D8DF19622AE99F873BE /* Pods_Starling_Savings.framework */,
			);
			name = Frameworks;
			sourceTree = "<group>";
		};
		8D45A9C0DA24A63DF5DBE407 /* Pods */ = {
			isa = PBXGroup;
			children = (
				B0E9E244416E3D38B3CB7157 /* Pods-Starling Savings.debug.xcconfig */,
				21BE5EC621423D79ED9ED6E4 /* Pods-Starling Savings.release.xcconfig */,
			);
			path = Pods;
			sourceTree = "<group>";
		};
/* End PBXGroup section */

/* Begin PBXNativeTarget section */
		2B92306C23EC7329004129F6 /* Starling Savings */ = {
			isa = PBXNativeTarget;
			buildConfigurationList = 2B92308123EC7329004129F6 /* Build configuration list for PBXNativeTarget "Starling Savings" */;
			buildPhases = (
				4C4DD8E3AFCAC95091BDF3B0 /* [CP] Check Pods Manifest.lock */,
				2B92306923EC7329004129F6 /* Sources */,
				2B92306A23EC7329004129F6 /* Frameworks */,
				2B92306B23EC7329004129F6 /* Resources */,
				4D994FF0FF66F8276EB0BBB1 /* [CP] Embed Pods Frameworks */,
			);
			buildRules = (
			);
			dependencies = (
			);
			name = "Starling Savings";
			productName = "Starling Savings";
			productReference = 2B92306D23EC7329004129F6 /* Starling Savings.app */;
			productType = "com.apple.product-type.application";
		};
/* End PBXNativeTarget section */

/* Begin PBXProject section */
		2B92306523EC7329004129F6 /* Project object */ = {
			isa = PBXProject;
			attributes = {
				LastSwiftUpdateCheck = 1130;
				LastUpgradeCheck = 1130;
				ORGANIZATIONNAME = "Edward Theodor Danescu";
				TargetAttributes = {
					2B92306C23EC7329004129F6 = {
						CreatedOnToolsVersion = 11.3.1;
					};
				};
			};
			buildConfigurationList = 2B92306823EC7329004129F6 /* Build configuration list for PBXProject "Starling Savings" */;
			compatibilityVersion = "Xcode 9.3";
			developmentRegion = en;
			hasScannedForEncodings = 0;
			knownRegions = (
				en,
				Base,
			);
			mainGroup = 2B92306423EC7329004129F6;
			productRefGroup = 2B92306E23EC7329004129F6 /* Products */;
			projectDirPath = "";
			projectRoot = "";
			targets = (
				2B92306C23EC7329004129F6 /* Starling Savings */,
			);
		};
/* End PBXProject section */

/* Begin PBXResourcesBuildPhase section */
		2B92306B23EC7329004129F6 /* Resources */ = {
			isa = PBXResourcesBuildPhase;
			buildActionMask = 2147483647;
			files = (
				2B92307D23EC7329004129F6 /* LaunchScreen.storyboard in Resources */,
				2B92307A23EC7329004129F6 /* Assets.xcassets in Resources */,
				2B92307823EC7329004129F6 /* Main.storyboard in Resources */,
			);
			runOnlyForDeploymentPostprocessing = 0;
		};
/* End PBXResourcesBuildPhase section */

/* Begin PBXShellScriptBuildPhase section */
		4C4DD8E3AFCAC95091BDF3B0 /* [CP] Check Pods Manifest.lock */ = {
			isa = PBXShellScriptBuildPhase;
			buildActionMask = 2147483647;
			files = (
			);
			inputFileListPaths = (
			);
			inputPaths = (
				"${PODS_PODFILE_DIR_PATH}/Podfile.lock",
				"${PODS_ROOT}/Manifest.lock",
			);
			name = "[CP] Check Pods Manifest.lock";
			outputFileListPaths = (
			);
			outputPaths = (
				"$(DERIVED_FILE_DIR)/Pods-Starling Savings-checkManifestLockResult.txt",
			);
			runOnlyForDeploymentPostprocessing = 0;
			shellPath = /bin/sh;
			shellScript = "diff \"${PODS_PODFILE_DIR_PATH}/Podfile.lock\" \"${PODS_ROOT}/Manifest.lock\" > /dev/null\nif [ $? != 0 ] ; then\n    # print error to STDERR\n    echo \"error: The sandbox is not in sync with the Podfile.lock. Run 'pod install' or update your CocoaPods installation.\" >&2\n    exit 1\nfi\n# This output is used by Xcode 'outputs' to avoid re-running this script phase.\necho \"SUCCESS\" > \"${SCRIPT_OUTPUT_FILE_0}\"\n";
			showEnvVarsInLog = 0;
		};
		4D994FF0FF66F8276EB0BBB1 /* [CP] Embed Pods Frameworks */ = {
			isa = PBXShellScriptBuildPhase;
			buildActionMask = 2147483647;
			files = (
			);
			inputFileListPaths = (
				"${PODS_ROOT}/Target Support Files/Pods-Starling Savings/Pods-Starling Savings-frameworks-${CONFIGURATION}-input-files.xcfilelist",
			);
			name = "[CP] Embed Pods Frameworks";
			outputFileListPaths = (
				"${PODS_ROOT}/Target Support Files/Pods-Starling Savings/Pods-Starling Savings-frameworks-${CONFIGURATION}-output-files.xcfilelist",
			);
			runOnlyForDeploymentPostprocessing = 0;
			shellPath = /bin/sh;
			shellScript = "\"${PODS_ROOT}/Target Support Files/Pods-Starling Savings/Pods-Starling Savings-frameworks.sh\"\n";
			showEnvVarsInLog = 0;
		};
/* End PBXShellScriptBuildPhase section */

/* Begin PBXSourcesBuildPhase section */
		2B92306923EC7329004129F6 /* Sources */ = {
			isa = PBXSourcesBuildPhase;
			buildActionMask = 2147483647;
			files = (
				2B3375A523F1CB1200DDBA8E /* Alert.swift in Sources */,
				2BFDF88B23EC8A5700102CD2 /* APIManager.swift in Sources */,
				2B3375A123F0AA9200DDBA8E /* SavingsViewController.swift in Sources */,
				2BFDF88F23ECC55400102CD2 /* Extensions.swift in Sources */,
				2B3375A723F2B93600DDBA8E /* Transaction.swift in Sources */,
				2B92307523EC7329004129F6 /* HomeViewController.swift in Sources */,
				2B3375A323F1BC5500DDBA8E /* APIParameters.swift in Sources */,
				2BFDF8B123EF524E00102CD2 /* DataManager.swift in Sources */,
				2B92307123EC7329004129F6 /* AppDelegate.swift in Sources */,
				2B92307323EC7329004129F6 /* SceneDelegate.swift in Sources */,
				2B3375A923F2D02500DDBA8E /* Defaults.swift in Sources */,
			);
			runOnlyForDeploymentPostprocessing = 0;
		};
/* End PBXSourcesBuildPhase section */

/* Begin PBXVariantGroup section */
		2B92307623EC7329004129F6 /* Main.storyboard */ = {
			isa = PBXVariantGroup;
			children = (
				2B92307723EC7329004129F6 /* Base */,
			);
			name = Main.storyboard;
			sourceTree = "<group>";
		};
		2B92307B23EC7329004129F6 /* LaunchScreen.storyboard */ = {
			isa = PBXVariantGroup;
			children = (
				2B92307C23EC7329004129F6 /* Base */,
			);
			name = LaunchScreen.storyboard;
			sourceTree = "<group>";
		};
/* End PBXVariantGroup section */

/* Begin XCBuildConfiguration section */
		2B92307F23EC7329004129F6 /* Debug */ = {
			isa = XCBuildConfiguration;
			buildSettings = {
				ALWAYS_SEARCH_USER_PATHS = NO;
				CLANG_ANALYZER_NONNULL = YES;
				CLANG_ANALYZER_NUMBER_OBJECT_CONVERSION = YES_AGGRESSIVE;
				CLANG_CXX_LANGUAGE_STANDARD = "gnu++14";
				CLANG_CXX_LIBRARY = "libc++";
				CLANG_ENABLE_MODULES = YES;
				CLANG_ENABLE_OBJC_ARC = YES;
				CLANG_ENABLE_OBJC_WEAK = YES;
				CLANG_WARN_BLOCK_CAPTURE_AUTORELEASING = YES;
				CLANG_WARN_BOOL_CONVERSION = YES;
				CLANG_WARN_COMMA = YES;
				CLANG_WARN_CONSTANT_CONVERSION = YES;
				CLANG_WARN_DEPRECATED_OBJC_IMPLEMENTATIONS = YES;
				CLANG_WARN_DIRECT_OBJC_ISA_USAGE = YES_ERROR;
				CLANG_WARN_DOCUMENTATION_COMMENTS = YES;
				CLANG_WARN_EMPTY_BODY = YES;
				CLANG_WARN_ENUM_CONVERSION = YES;
				CLANG_WARN_INFINITE_RECURSION = YES;
				CLANG_WARN_INT_CONVERSION = YES;
				CLANG_WARN_NON_LITERAL_NULL_CONVERSION = YES;
				CLANG_WARN_OBJC_IMPLICIT_RETAIN_SELF = YES;
				CLANG_WARN_OBJC_LITERAL_CONVERSION = YES;
				CLANG_WARN_OBJC_ROOT_CLASS = YES_ERROR;
				CLANG_WARN_RANGE_LOOP_ANALYSIS = YES;
				CLANG_WARN_STRICT_PROTOTYPES = YES;
				CLANG_WARN_SUSPICIOUS_MOVE = YES;
				CLANG_WARN_UNGUARDED_AVAILABILITY = YES_AGGRESSIVE;
				CLANG_WARN_UNREACHABLE_CODE = YES;
				CLANG_WARN__DUPLICATE_METHOD_MATCH = YES;
				COPY_PHASE_STRIP = NO;
				DEBUG_INFORMATION_FORMAT = dwarf;
				ENABLE_STRICT_OBJC_MSGSEND = YES;
				ENABLE_TESTABILITY = YES;
				GCC_C_LANGUAGE_STANDARD = gnu11;
				GCC_DYNAMIC_NO_PIC = NO;
				GCC_NO_COMMON_BLOCKS = YES;
				GCC_OPTIMIZATION_LEVEL = 0;
				GCC_PREPROCESSOR_DEFINITIONS = (
					"DEBUG=1",
					"$(inherited)",
				);
				GCC_WARN_64_TO_32_BIT_CONVERSION = YES;
				GCC_WARN_ABOUT_RETURN_TYPE = YES_ERROR;
				GCC_WARN_UNDECLARED_SELECTOR = YES;
				GCC_WARN_UNINITIALIZED_AUTOS = YES_AGGRESSIVE;
				GCC_WARN_UNUSED_FUNCTION = YES;
				GCC_WARN_UNUSED_VARIABLE = YES;
				IPHONEOS_DEPLOYMENT_TARGET = 13.2;
				MTL_ENABLE_DEBUG_INFO = INCLUDE_SOURCE;
				MTL_FAST_MATH = YES;
				ONLY_ACTIVE_ARCH = YES;
				SDKROOT = iphoneos;
				SWIFT_ACTIVE_COMPILATION_CONDITIONS = DEBUG;
				SWIFT_OPTIMIZATION_LEVEL = "-Onone";
			};
			name = Debug;
		};
		2B92308023EC7329004129F6 /* Release */ = {
			isa = XCBuildConfiguration;
			buildSettings = {
				ALWAYS_SEARCH_USER_PATHS = NO;
				CLANG_ANALYZER_NONNULL = YES;
				CLANG_ANALYZER_NUMBER_OBJECT_CONVERSION = YES_AGGRESSIVE;
				CLANG_CXX_LANGUAGE_STANDARD = "gnu++14";
				CLANG_CXX_LIBRARY = "libc++";
				CLANG_ENABLE_MODULES = YES;
				CLANG_ENABLE_OBJC_ARC = YES;
				CLANG_ENABLE_OBJC_WEAK = YES;
				CLANG_WARN_BLOCK_CAPTURE_AUTORELEASING = YES;
				CLANG_WARN_BOOL_CONVERSION = YES;
				CLANG_WARN_COMMA = YES;
				CLANG_WARN_CONSTANT_CONVERSION = YES;
				CLANG_WARN_DEPRECATED_OBJC_IMPLEMENTATIONS = YES;
				CLANG_WARN_DIRECT_OBJC_ISA_USAGE = YES_ERROR;
				CLANG_WARN_DOCUMENTATION_COMMENTS = YES;
				CLANG_WARN_EMPTY_BODY = YES;
				CLANG_WARN_ENUM_CONVERSION = YES;
				CLANG_WARN_INFINITE_RECURSION = YES;
				CLANG_WARN_INT_CONVERSION = YES;
				CLANG_WARN_NON_LITERAL_NULL_CONVERSION = YES;
				CLANG_WARN_OBJC_IMPLICIT_RETAIN_SELF = YES;
				CLANG_WARN_OBJC_LITERAL_CONVERSION = YES;
				CLANG_WARN_OBJC_ROOT_CLASS = YES_ERROR;
				CLANG_WARN_RANGE_LOOP_ANALYSIS = YES;
				CLANG_WARN_STRICT_PROTOTYPES = YES;
				CLANG_WARN_SUSPICIOUS_MOVE = YES;
				CLANG_WARN_UNGUARDED_AVAILABILITY = YES_AGGRESSIVE;
				CLANG_WARN_UNREACHABLE_CODE = YES;
				CLANG_WARN__DUPLICATE_METHOD_MATCH = YES;
				COPY_PHASE_STRIP = NO;
				DEBUG_INFORMATION_FORMAT = "dwarf-with-dsym";
				ENABLE_NS_ASSERTIONS = NO;
				ENABLE_STRICT_OBJC_MSGSEND = YES;
				GCC_C_LANGUAGE_STANDARD = gnu11;
				GCC_NO_COMMON_BLOCKS = YES;
				GCC_WARN_64_TO_32_BIT_CONVERSION = YES;
				GCC_WARN_ABOUT_RETURN_TYPE = YES_ERROR;
				GCC_WARN_UNDECLARED_SELECTOR = YES;
				GCC_WARN_UNINITIALIZED_AUTOS = YES_AGGRESSIVE;
				GCC_WARN_UNUSED_FUNCTION = YES;
				GCC_WARN_UNUSED_VARIABLE = YES;
				IPHONEOS_DEPLOYMENT_TARGET = 13.2;
				MTL_ENABLE_DEBUG_INFO = NO;
				MTL_FAST_MATH = YES;
				SDKROOT = iphoneos;
				SWIFT_COMPILATION_MODE = wholemodule;
				SWIFT_OPTIMIZATION_LEVEL = "-O";
				VALIDATE_PRODUCT = YES;
			};
			name = Release;
		};
		2B92308223EC7329004129F6 /* Debug */ = {
			isa = XCBuildConfiguration;
			baseConfigurationReference = B0E9E244416E3D38B3CB7157 /* Pods-Starling Savings.debug.xcconfig */;
			buildSettings = {
				ASSETCATALOG_COMPILER_APPICON_NAME = AppIcon;
				CODE_SIGN_STYLE = Automatic;
				DEVELOPMENT_TEAM = BM2SEDB352;
				INFOPLIST_FILE = "Starling Savings/Info.plist";
				IPHONEOS_DEPLOYMENT_TARGET = 13.0;
				LD_RUNPATH_SEARCH_PATHS = (
					"$(inherited)",
					"@executable_path/Frameworks",
				);
				PRODUCT_BUNDLE_IDENTIFIER = "com.edwardtheodordanescu.Starling-Savings";
				PRODUCT_NAME = "$(TARGET_NAME)";
				SWIFT_VERSION = 5.0;
				TARGETED_DEVICE_FAMILY = "1,2";
			};
			name = Debug;
		};
		2B92308323EC7329004129F6 /* Release */ = {
			isa = XCBuildConfiguration;
			baseConfigurationReference = 21BE5EC621423D79ED9ED6E4 /* Pods-Starling Savings.release.xcconfig */;
			buildSettings = {
				ASSETCATALOG_COMPILER_APPICON_NAME = AppIcon;
				CODE_SIGN_STYLE = Automatic;
				DEVELOPMENT_TEAM = BM2SEDB352;
				INFOPLIST_FILE = "Starling Savings/Info.plist";
				IPHONEOS_DEPLOYMENT_TARGET = 13.0;
				LD_RUNPATH_SEARCH_PATHS = (
					"$(inherited)",
					"@executable_path/Frameworks",
				);
				PRODUCT_BUNDLE_IDENTIFIER = "com.edwardtheodordanescu.Starling-Savings";
				PRODUCT_NAME = "$(TARGET_NAME)";
				SWIFT_VERSION = 5.0;
				TARGETED_DEVICE_FAMILY = "1,2";
			};
			name = Release;
		};
/* End XCBuildConfiguration section */

/* Begin XCConfigurationList section */
		2B92306823EC7329004129F6 /* Build configuration list for PBXProject "Starling Savings" */ = {
			isa = XCConfigurationList;
			buildConfigurations = (
				2B92307F23EC7329004129F6 /* Debug */,
				2B92308023EC7329004129F6 /* Release */,
			);
			defaultConfigurationIsVisible = 0;
			defaultConfigurationName = Release;
		};
		2B92308123EC7329004129F6 /* Build configuration list for PBXNativeTarget "Starling Savings" */ = {
			isa = XCConfigurationList;
			buildConfigurations = (
				2B92308223EC7329004129F6 /* Debug */,
				2B92308323EC7329004129F6 /* Release */,
			);
			defaultConfigurationIsVisible = 0;
			defaultConfigurationName = Release;
		};
/* End XCConfigurationList section */
	};
	rootObject = 2B92306523EC7329004129F6 /* Project object */;
}
